// !$*UTF8*$!
{
	archiveVersion = 1;
	classes = {
	};
	objectVersion = 56;
	objects = {

/* Begin PBXBuildFile section */
		8DA9EAB02C7CB04C00A4BCDE /* CryptoAppApp.swift in Sources */ = {isa = PBXBuildFile; fileRef = 8DA9EAAF2C7CB04C00A4BCDE /* CryptoAppApp.swift */; };
		8DA9EAB22C7CB04C00A4BCDE /* ContentView.swift in Sources */ = {isa = PBXBuildFile; fileRef = 8DA9EAB12C7CB04C00A4BCDE /* ContentView.swift */; };
		8DA9EAB42C7CB04D00A4BCDE /* Assets.xcassets in Resources */ = {isa = PBXBuildFile; fileRef = 8DA9EAB32C7CB04D00A4BCDE /* Assets.xcassets */; };
		8DA9EAB72C7CB04D00A4BCDE /* Preview Assets.xcassets in Resources */ = {isa = PBXBuildFile; fileRef = 8DA9EAB62C7CB04D00A4BCDE /* Preview Assets.xcassets */; };
		8DA9EABF2C7CB73200A4BCDE /* Color.swift in Sources */ = {isa = PBXBuildFile; fileRef = 8DA9EABE2C7CB73200A4BCDE /* Color.swift */; };
		8DA9EAC52C7CC51300A4BCDE /* HomeView.swift in Sources */ = {isa = PBXBuildFile; fileRef = 8DA9EAC42C7CC51300A4BCDE /* HomeView.swift */; };
		8DA9EAC92C7CCEFB00A4BCDE /* CircleButtonView.swift in Sources */ = {isa = PBXBuildFile; fileRef = 8DA9EAC82C7CCEFB00A4BCDE /* CircleButtonView.swift */; };
		8DA9EACB2C7CD7D400A4BCDE /* CircleButtonAnimationView.swift in Sources */ = {isa = PBXBuildFile; fileRef = 8DA9EACA2C7CD7D400A4BCDE /* CircleButtonAnimationView.swift */; };
/* End PBXBuildFile section */

/* Begin PBXFileReference section */
		8DA9EAAC2C7CB04C00A4BCDE /* CryptoApp.app */ = {isa = PBXFileReference; explicitFileType = wrapper.application; includeInIndex = 0; path = CryptoApp.app; sourceTree = BUILT_PRODUCTS_DIR; };
		8DA9EAAF2C7CB04C00A4BCDE /* CryptoAppApp.swift */ = {isa = PBXFileReference; lastKnownFileType = sourcecode.swift; path = CryptoAppApp.swift; sourceTree = "<group>"; };
		8DA9EAB12C7CB04C00A4BCDE /* ContentView.swift */ = {isa = PBXFileReference; lastKnownFileType = sourcecode.swift; path = ContentView.swift; sourceTree = "<group>"; };
		8DA9EAB32C7CB04D00A4BCDE /* Assets.xcassets */ = {isa = PBXFileReference; lastKnownFileType = folder.assetcatalog; path = Assets.xcassets; sourceTree = "<group>"; };
		8DA9EAB62C7CB04D00A4BCDE /* Preview Assets.xcassets */ = {isa = PBXFileReference; lastKnownFileType = folder.assetcatalog; path = "Preview Assets.xcassets"; sourceTree = "<group>"; };
		8DA9EABE2C7CB73200A4BCDE /* Color.swift */ = {isa = PBXFileReference; lastKnownFileType = sourcecode.swift; path = Color.swift; sourceTree = "<group>"; };
		8DA9EAC42C7CC51300A4BCDE /* HomeView.swift */ = {isa = PBXFileReference; lastKnownFileType = sourcecode.swift; path = HomeView.swift; sourceTree = "<group>"; };
		8DA9EAC82C7CCEFB00A4BCDE /* CircleButtonView.swift */ = {isa = PBXFileReference; lastKnownFileType = sourcecode.swift; path = CircleButtonView.swift; sourceTree = "<group>"; };
		8DA9EACA2C7CD7D400A4BCDE /* CircleButtonAnimationView.swift */ = {isa = PBXFileReference; lastKnownFileType = sourcecode.swift; path = CircleButtonAnimationView.swift; sourceTree = "<group>"; };
/* End PBXFileReference section */

/* Begin PBXFrameworksBuildPhase section */
		8DA9EAA92C7CB04C00A4BCDE /* Frameworks */ = {
			isa = PBXFrameworksBuildPhase;
			buildActionMask = 2147483647;
			files = (
			);
			runOnlyForDeploymentPostprocessing = 0;
		};
/* End PBXFrameworksBuildPhase section */

/* Begin PBXGroup section */
		8DA9EAA32C7CB04C00A4BCDE = {
			isa = PBXGroup;
			children = (
				8DA9EAAE2C7CB04C00A4BCDE /* CryptoApp */,
				8DA9EAAD2C7CB04C00A4BCDE /* Products */,
			);
			sourceTree = "<group>";
		};
		8DA9EAAD2C7CB04C00A4BCDE /* Products */ = {
			isa = PBXGroup;
			children = (
				8DA9EAAC2C7CB04C00A4BCDE /* CryptoApp.app */,
			);
			name = Products;
			sourceTree = "<group>";
		};
		8DA9EAAE2C7CB04C00A4BCDE /* CryptoApp */ = {
			isa = PBXGroup;
			children = (
				8DA9EABD2C7CB70E00A4BCDE /* Extensions */,
				8DA9EAC02C7CC4A200A4BCDE /* Core */,
				8DA9EAAF2C7CB04C00A4BCDE /* CryptoAppApp.swift */,
				8DA9EAB12C7CB04C00A4BCDE /* ContentView.swift */,
				8DA9EAB32C7CB04D00A4BCDE /* Assets.xcassets */,
				8DA9EAB52C7CB04D00A4BCDE /* Preview Content */,
			);
			path = CryptoApp;
			sourceTree = "<group>";
		};
		8DA9EAB52C7CB04D00A4BCDE /* Preview Content */ = {
			isa = PBXGroup;
			children = (
				8DA9EAB62C7CB04D00A4BCDE /* Preview Assets.xcassets */,
			);
			path = "Preview Content";
			sourceTree = "<group>";
		};
		8DA9EABD2C7CB70E00A4BCDE /* Extensions */ = {
			isa = PBXGroup;
			children = (
				8DA9EABE2C7CB73200A4BCDE /* Color.swift */,
			);
			path = Extensions;
			sourceTree = "<group>";
		};
		8DA9EAC02C7CC4A200A4BCDE /* Core */ = {
			isa = PBXGroup;
			children = (
				8DA9EAC62C7CCEC500A4BCDE /* Components */,
				8DA9EAC32C7CC4DB00A4BCDE /* Home */,
			);
			path = Core;
			sourceTree = "<group>";
		};
		8DA9EAC12C7CC4B200A4BCDE /* ViewModels */ = {
			isa = PBXGroup;
			children = (
			);
			path = ViewModels;
			sourceTree = "<group>";
		};
		8DA9EAC22C7CC4BE00A4BCDE /* Views */ = {
			isa = PBXGroup;
			children = (
				8DA9EAC42C7CC51300A4BCDE /* HomeView.swift */,
			);
			path = Views;
			sourceTree = "<group>";
		};
		8DA9EAC32C7CC4DB00A4BCDE /* Home */ = {
			isa = PBXGroup;
			children = (
				8DA9EAC12C7CC4B200A4BCDE /* ViewModels */,
				8DA9EAC22C7CC4BE00A4BCDE /* Views */,
			);
			path = Home;
			sourceTree = "<group>";
		};
		8DA9EAC62C7CCEC500A4BCDE /* Components */ = {
			isa = PBXGroup;
			children = (
				8DA9EAC72C7CCED700A4BCDE /* CircleButton */,
			);
			path = Components;
			sourceTree = "<group>";
		};
		8DA9EAC72C7CCED700A4BCDE /* CircleButton */ = {
			isa = PBXGroup;
			children = (
				8DA9EAC82C7CCEFB00A4BCDE /* CircleButtonView.swift */,
				8DA9EACA2C7CD7D400A4BCDE /* CircleButtonAnimationView.swift */,
			);
			path = CircleButton;
			sourceTree = "<group>";
		};
/* End PBXGroup section */

/* Begin PBXNativeTarget section */
		8DA9EAAB2C7CB04C00A4BCDE /* CryptoApp */ = {
			isa = PBXNativeTarget;
			buildConfigurationList = 8DA9EABA2C7CB04D00A4BCDE /* Build configuration list for PBXNativeTarget "CryptoApp" */;
			buildPhases = (
				8DA9EAA82C7CB04C00A4BCDE /* Sources */,
				8DA9EAA92C7CB04C00A4BCDE /* Frameworks */,
				8DA9EAAA2C7CB04C00A4BCDE /* Resources */,
			);
			buildRules = (
			);
			dependencies = (
			);
			name = CryptoApp;
			productName = CryptoApp;
			productReference = 8DA9EAAC2C7CB04C00A4BCDE /* CryptoApp.app */;
			productType = "com.apple.product-type.application";
		};
/* End PBXNativeTarget section */

/* Begin PBXProject section */
		8DA9EAA42C7CB04C00A4BCDE /* Project object */ = {
			isa = PBXProject;
			attributes = {
				BuildIndependentTargetsInParallel = 1;
				LastSwiftUpdateCheck = 1540;
				LastUpgradeCheck = 1540;
				TargetAttributes = {
					8DA9EAAB2C7CB04C00A4BCDE = {
						CreatedOnToolsVersion = 15.4;
					};
				};
			};
			buildConfigurationList = 8DA9EAA72C7CB04C00A4BCDE /* Build configuration list for PBXProject "CryptoApp" */;
			compatibilityVersion = "Xcode 14.0";
			developmentRegion = en;
			hasScannedForEncodings = 0;
			knownRegions = (
				en,
				Base,
			);
			mainGroup = 8DA9EAA32C7CB04C00A4BCDE;
			productRefGroup = 8DA9EAAD2C7CB04C00A4BCDE /* Products */;
			projectDirPath = "";
			projectRoot = "";
			targets = (
				8DA9EAAB2C7CB04C00A4BCDE /* CryptoApp */,
			);
		};
/* End PBXProject section */

/* Begin PBXResourcesBuildPhase section */
		8DA9EAAA2C7CB04C00A4BCDE /* Resources */ = {
			isa = PBXResourcesBuildPhase;
			buildActionMask = 2147483647;
			files = (
				8DA9EAB72C7CB04D00A4BCDE /* Preview Assets.xcassets in Resources */,
				8DA9EAB42C7CB04D00A4BCDE /* Assets.xcassets in Resources */,
			);
			runOnlyForDeploymentPostprocessing = 0;
		};
/* End PBXResourcesBuildPhase section */

/* Begin PBXSourcesBuildPhase section */
		8DA9EAA82C7CB04C00A4BCDE /* Sources */ = {
			isa = PBXSourcesBuildPhase;
			buildActionMask = 2147483647;
			files = (
				8DA9EAB22C7CB04C00A4BCDE /* ContentView.swift in Sources */,
				8DA9EAC52C7CC51300A4BCDE /* HomeView.swift in Sources */,
				8DA9EAB02C7CB04C00A4BCDE /* CryptoAppApp.swift in Sources */,
				8DA9EAC92C7CCEFB00A4BCDE /* CircleButtonView.swift in Sources */,
				8DA9EABF2C7CB73200A4BCDE /* Color.swift in Sources */,
				8DA9EACB2C7CD7D400A4BCDE /* CircleButtonAnimationView.swift in Sources */,
			);
			runOnlyForDeploymentPostprocessing = 0;
		};
/* End PBXSourcesBuildPhase section */

/* Begin XCBuildConfiguration section */
		8DA9EAB82C7CB04D00A4BCDE /* Debug */ = {
			isa = XCBuildConfiguration;
			buildSettings = {
				ALWAYS_SEARCH_USER_PATHS = NO;
				ASSETCATALOG_COMPILER_GENERATE_SWIFT_ASSET_SYMBOL_EXTENSIONS = YES;
				CLANG_ANALYZER_NONNULL = YES;
				CLANG_ANALYZER_NUMBER_OBJECT_CONVERSION = YES_AGGRESSIVE;
				CLANG_CXX_LANGUAGE_STANDARD = "gnu++20";
				CLANG_ENABLE_MODULES = YES;
				CLANG_ENABLE_OBJC_ARC = YES;
				CLANG_ENABLE_OBJC_WEAK = YES;
				CLANG_WARN_BLOCK_CAPTURE_AUTORELEASING = YES;
				CLANG_WARN_BOOL_CONVERSION = YES;
				CLANG_WARN_COMMA = YES;
				CLANG_WARN_CONSTANT_CONVERSION = YES;
				CLANG_WARN_DEPRECATED_OBJC_IMPLEMENTATIONS = YES;
				CLANG_WARN_DIRECT_OBJC_ISA_USAGE = YES_ERROR;
				CLANG_WARN_DOCUMENTATION_COMMENTS = YES;
				CLANG_WARN_EMPTY_BODY = YES;
				CLANG_WARN_ENUM_CONVERSION = YES;
				CLANG_WARN_INFINITE_RECURSION = YES;
				CLANG_WARN_INT_CONVERSION = YES;
				CLANG_WARN_NON_LITERAL_NULL_CONVERSION = YES;
				CLANG_WARN_OBJC_IMPLICIT_RETAIN_SELF = YES;
				CLANG_WARN_OBJC_LITERAL_CONVERSION = YES;
				CLANG_WARN_OBJC_ROOT_CLASS = YES_ERROR;
				CLANG_WARN_QUOTED_INCLUDE_IN_FRAMEWORK_HEADER = YES;
				CLANG_WARN_RANGE_LOOP_ANALYSIS = YES;
				CLANG_WARN_STRICT_PROTOTYPES = YES;
				CLANG_WARN_SUSPICIOUS_MOVE = YES;
				CLANG_WARN_UNGUARDED_AVAILABILITY = YES_AGGRESSIVE;
				CLANG_WARN_UNREACHABLE_CODE = YES;
				CLANG_WARN__DUPLICATE_METHOD_MATCH = YES;
				COPY_PHASE_STRIP = NO;
				DEBUG_INFORMATION_FORMAT = dwarf;
				ENABLE_STRICT_OBJC_MSGSEND = YES;
				ENABLE_TESTABILITY = YES;
				ENABLE_USER_SCRIPT_SANDBOXING = YES;
				GCC_C_LANGUAGE_STANDARD = gnu17;
				GCC_DYNAMIC_NO_PIC = NO;
				GCC_NO_COMMON_BLOCKS = YES;
				GCC_OPTIMIZATION_LEVEL = 0;
				GCC_PREPROCESSOR_DEFINITIONS = (
					"DEBUG=1",
					"$(inherited)",
				);
				GCC_WARN_64_TO_32_BIT_CONVERSION = YES;
				GCC_WARN_ABOUT_RETURN_TYPE = YES_ERROR;
				GCC_WARN_UNDECLARED_SELECTOR = YES;
				GCC_WARN_UNINITIALIZED_AUTOS = YES_AGGRESSIVE;
				GCC_WARN_UNUSED_FUNCTION = YES;
				GCC_WARN_UNUSED_VARIABLE = YES;
				IPHONEOS_DEPLOYMENT_TARGET = 17.5;
				LOCALIZATION_PREFERS_STRING_CATALOGS = YES;
				MTL_ENABLE_DEBUG_INFO = INCLUDE_SOURCE;
				MTL_FAST_MATH = YES;
				ONLY_ACTIVE_ARCH = YES;
				SDKROOT = iphoneos;
				SWIFT_ACTIVE_COMPILATION_CONDITIONS = "DEBUG $(inherited)";
				SWIFT_OPTIMIZATION_LEVEL = "-Onone";
			};
			name = Debug;
		};
		8DA9EAB92C7CB04D00A4BCDE /* Release */ = {
			isa = XCBuildConfiguration;
			buildSettings = {
				ALWAYS_SEARCH_USER_PATHS = NO;
				ASSETCATALOG_COMPILER_GENERATE_SWIFT_ASSET_SYMBOL_EXTENSIONS = YES;
				CLANG_ANALYZER_NONNULL = YES;
				CLANG_ANALYZER_NUMBER_OBJECT_CONVERSION = YES_AGGRESSIVE;
				CLANG_CXX_LANGUAGE_STANDARD = "gnu++20";
				CLANG_ENABLE_MODULES = YES;
				CLANG_ENABLE_OBJC_ARC = YES;
				CLANG_ENABLE_OBJC_WEAK = YES;
				CLANG_WARN_BLOCK_CAPTURE_AUTORELEASING = YES;
				CLANG_WARN_BOOL_CONVERSION = YES;
				CLANG_WARN_COMMA = YES;
				CLANG_WARN_CONSTANT_CONVERSION = YES;
				CLANG_WARN_DEPRECATED_OBJC_IMPLEMENTATIONS = YES;
				CLANG_WARN_DIRECT_OBJC_ISA_USAGE = YES_ERROR;
				CLANG_WARN_DOCUMENTATION_COMMENTS = YES;
				CLANG_WARN_EMPTY_BODY = YES;
				CLANG_WARN_ENUM_CONVERSION = YES;
				CLANG_WARN_INFINITE_RECURSION = YES;
				CLANG_WARN_INT_CONVERSION = YES;
				CLANG_WARN_NON_LITERAL_NULL_CONVERSION = YES;
				CLANG_WARN_OBJC_IMPLICIT_RETAIN_SELF = YES;
				CLANG_WARN_OBJC_LITERAL_CONVERSION = YES;
				CLANG_WARN_OBJC_ROOT_CLASS = YES_ERROR;
				CLANG_WARN_QUOTED_INCLUDE_IN_FRAMEWORK_HEADER = YES;
				CLANG_WARN_RANGE_LOOP_ANALYSIS = YES;
				CLANG_WARN_STRICT_PROTOTYPES = YES;
				CLANG_WARN_SUSPICIOUS_MOVE = YES;
				CLANG_WARN_UNGUARDED_AVAILABILITY = YES_AGGRESSIVE;
				CLANG_WARN_UNREACHABLE_CODE = YES;
				CLANG_WARN__DUPLICATE_METHOD_MATCH = YES;
				COPY_PHASE_STRIP = NO;
				DEBUG_INFORMATION_FORMAT = "dwarf-with-dsym";
				ENABLE_NS_ASSERTIONS = NO;
				ENABLE_STRICT_OBJC_MSGSEND = YES;
				ENABLE_USER_SCRIPT_SANDBOXING = YES;
				GCC_C_LANGUAGE_STANDARD = gnu17;
				GCC_NO_COMMON_BLOCKS = YES;
				GCC_WARN_64_TO_32_BIT_CONVERSION = YES;
				GCC_WARN_ABOUT_RETURN_TYPE = YES_ERROR;
				GCC_WARN_UNDECLARED_SELECTOR = YES;
				GCC_WARN_UNINITIALIZED_AUTOS = YES_AGGRESSIVE;
				GCC_WARN_UNUSED_FUNCTION = YES;
				GCC_WARN_UNUSED_VARIABLE = YES;
				IPHONEOS_DEPLOYMENT_TARGET = 17.5;
				LOCALIZATION_PREFERS_STRING_CATALOGS = YES;
				MTL_ENABLE_DEBUG_INFO = NO;
				MTL_FAST_MATH = YES;
				SDKROOT = iphoneos;
				SWIFT_COMPILATION_MODE = wholemodule;
				VALIDATE_PRODUCT = YES;
			};
			name = Release;
		};
		8DA9EABB2C7CB04D00A4BCDE /* Debug */ = {
			isa = XCBuildConfiguration;
			buildSettings = {
				ASSETCATALOG_COMPILER_APPICON_NAME = AppIcon;
				ASSETCATALOG_COMPILER_GLOBAL_ACCENT_COLOR_NAME = AccentColor;
				CODE_SIGN_STYLE = Automatic;
				CURRENT_PROJECT_VERSION = 1;
				DEVELOPMENT_ASSET_PATHS = "\"CryptoApp/Preview Content\"";
				DEVELOPMENT_TEAM = GUTHGA9D9H;
				ENABLE_PREVIEWS = YES;
				GENERATE_INFOPLIST_FILE = YES;
				INFOPLIST_KEY_CFBundleDisplayName = "Crypto Tracker";
				INFOPLIST_KEY_UIApplicationSceneManifest_Generation = YES;
				INFOPLIST_KEY_UIApplicationSupportsIndirectInputEvents = YES;
				INFOPLIST_KEY_UILaunchScreen_Generation = YES;
				INFOPLIST_KEY_UISupportedInterfaceOrientations = UIInterfaceOrientationPortrait;
				IPHONEOS_DEPLOYMENT_TARGET = 14.0;
				LD_RUNPATH_SEARCH_PATHS = (
					"$(inherited)",
					"@executable_path/Frameworks",
				);
				MARKETING_VERSION = 1.0;
				PRODUCT_BUNDLE_IDENTIFIER = com.lehaanv.CryptoApp;
				PRODUCT_NAME = "$(TARGET_NAME)";
				SWIFT_EMIT_LOC_STRINGS = YES;
				SWIFT_VERSION = 5.0;
				TARGETED_DEVICE_FAMILY = "1,2";
			};
			name = Debug;
		};
		8DA9EABC2C7CB04D00A4BCDE /* Release */ = {
			isa = XCBuildConfiguration;
			buildSettings = {
				ASSETCATALOG_COMPILER_APPICON_NAME = AppIcon;
				ASSETCATALOG_COMPILER_GLOBAL_ACCENT_COLOR_NAME = AccentColor;
				CODE_SIGN_STYLE = Automatic;
				CURRENT_PROJECT_VERSION = 1;
				DEVELOPMENT_ASSET_PATHS = "\"CryptoApp/Preview Content\"";
				DEVELOPMENT_TEAM = GUTHGA9D9H;
				ENABLE_PREVIEWS = YES;
				GENERATE_INFOPLIST_FILE = YES;
				INFOPLIST_KEY_CFBundleDisplayName = "Crypto Tracker";
				INFOPLIST_KEY_UIApplicationSceneManifest_Generation = YES;
				INFOPLIST_KEY_UIApplicationSupportsIndirectInputEvents = YES;
				INFOPLIST_KEY_UILaunchScreen_Generation = YES;
				INFOPLIST_KEY_UISupportedInterfaceOrientations = UIInterfaceOrientationPortrait;
				IPHONEOS_DEPLOYMENT_TARGET = 14.0;
				LD_RUNPATH_SEARCH_PATHS = (
					"$(inherited)",
					"@executable_path/Frameworks",
				);
				MARKETING_VERSION = 1.0;
				PRODUCT_BUNDLE_IDENTIFIER = com.lehaanv.CryptoApp;
				PRODUCT_NAME = "$(TARGET_NAME)";
				SWIFT_EMIT_LOC_STRINGS = YES;
				SWIFT_VERSION = 5.0;
				TARGETED_DEVICE_FAMILY = "1,2";
			};
			name = Release;
		};
/* End XCBuildConfiguration section */

/* Begin XCConfigurationList section */
		8DA9EAA72C7CB04C00A4BCDE /* Build configuration list for PBXProject "CryptoApp" */ = {
			isa = XCConfigurationList;
			buildConfigurations = (
				8DA9EAB82C7CB04D00A4BCDE /* Debug */,
				8DA9EAB92C7CB04D00A4BCDE /* Release */,
			);
			defaultConfigurationIsVisible = 0;
			defaultConfigurationName = Release;
		};
		8DA9EABA2C7CB04D00A4BCDE /* Build configuration list for PBXNativeTarget "CryptoApp" */ = {
			isa = XCConfigurationList;
			buildConfigurations = (
				8DA9EABB2C7CB04D00A4BCDE /* Debug */,
				8DA9EABC2C7CB04D00A4BCDE /* Release */,
			);
			defaultConfigurationIsVisible = 0;
			defaultConfigurationName = Release;
		};
/* End XCConfigurationList section */
	};
	rootObject = 8DA9EAA42C7CB04C00A4BCDE /* Project object */;
}
